// !$*UTF8*$!
{
	archiveVersion = 1;
	classes = {
	};
	objectVersion = 46;
	objects = {

/* Begin PBXBuildFile section */
		A434948B1C730A2B00335FDA /* main.m in Sources */ = {isa = PBXBuildFile; fileRef = A434948A1C730A2B00335FDA /* main.m */; };
		A434948E1C730A2B00335FDA /* AppDelegate.m in Sources */ = {isa = PBXBuildFile; fileRef = A434948D1C730A2B00335FDA /* AppDelegate.m */; };
		A43494911C730A2B00335FDA /* ViewController.m in Sources */ = {isa = PBXBuildFile; fileRef = A43494901C730A2B00335FDA /* ViewController.m */; };
		A43494941C730A2B00335FDA /* Main.storyboard in Resources */ = {isa = PBXBuildFile; fileRef = A43494921C730A2B00335FDA /* Main.storyboard */; };
		A43494971C730A2B00335FDA /* DemoUITextView.xcdatamodeld in Sources */ = {isa = PBXBuildFile; fileRef = A43494951C730A2B00335FDA /* DemoUITextView.xcdatamodeld */; };
		A43494991C730A2B00335FDA /* Assets.xcassets in Resources */ = {isa = PBXBuildFile; fileRef = A43494981C730A2B00335FDA /* Assets.xcassets */; };
		A434949C1C730A2B00335FDA /* LaunchScreen.storyboard in Resources */ = {isa = PBXBuildFile; fileRef = A434949A1C730A2B00335FDA /* LaunchScreen.storyboard */; };
		A43494A71C730A2B00335FDA /* DemoUITextViewTests.m in Sources */ = {isa = PBXBuildFile; fileRef = A43494A61C730A2B00335FDA /* DemoUITextViewTests.m */; };
		A43494B21C730A2B00335FDA /* DemoUITextViewUITests.m in Sources */ = {isa = PBXBuildFile; fileRef = A43494B11C730A2B00335FDA /* DemoUITextViewUITests.m */; };
		A43494C11C7312AE00335FDA /* CSTextView.m in Sources */ = {isa = PBXBuildFile; fileRef = A43494C01C7312AE00335FDA /* CSTextView.m */; };
/* End PBXBuildFile section */

/* Begin PBXContainerItemProxy section */
		A43494A31C730A2B00335FDA /* PBXContainerItemProxy */ = {
			isa = PBXContainerItemProxy;
			containerPortal = A434947E1C730A2B00335FDA /* Project object */;
			proxyType = 1;
			remoteGlobalIDString = A43494851C730A2B00335FDA;
			remoteInfo = DemoUITextView;
		};
		A43494AE1C730A2B00335FDA /* PBXContainerItemProxy */ = {
			isa = PBXContainerItemProxy;
			containerPortal = A434947E1C730A2B00335FDA /* Project object */;
			proxyType = 1;
			remoteGlobalIDString = A43494851C730A2B00335FDA;
			remoteInfo = DemoUITextView;
		};
/* End PBXContainerItemProxy section */

/* Begin PBXFileReference section */
		A43494861C730A2B00335FDA /* DemoUITextView.app */ = {isa = PBXFileReference; explicitFileType = wrapper.application; includeInIndex = 0; path = DemoUITextView.app; sourceTree = BUILT_PRODUCTS_DIR; };
		A434948A1C730A2B00335FDA /* main.m */ = {isa = PBXFileReference; lastKnownFileType = sourcecode.c.objc; path = main.m; sourceTree = "<group>"; };
		A434948C1C730A2B00335FDA /* AppDelegate.h */ = {isa = PBXFileReference; lastKnownFileType = sourcecode.c.h; path = AppDelegate.h; sourceTree = "<group>"; };
		A434948D1C730A2B00335FDA /* AppDelegate.m */ = {isa = PBXFileReference; lastKnownFileType = sourcecode.c.objc; path = AppDelegate.m; sourceTree = "<group>"; };
		A434948F1C730A2B00335FDA /* ViewController.h */ = {isa = PBXFileReference; lastKnownFileType = sourcecode.c.h; path = ViewController.h; sourceTree = "<group>"; };
		A43494901C730A2B00335FDA /* ViewController.m */ = {isa = PBXFileReference; lastKnownFileType = sourcecode.c.objc; path = ViewController.m; sourceTree = "<group>"; };
		A43494931C730A2B00335FDA /* Base */ = {isa = PBXFileReference; lastKnownFileType = file.storyboard; name = Base; path = Base.lproj/Main.storyboard; sourceTree = "<group>"; };
		A43494961C730A2B00335FDA /* DemoUITextView.xcdatamodel */ = {isa = PBXFileReference; lastKnownFileType = wrapper.xcdatamodel; path = DemoUITextView.xcdatamodel; sourceTree = "<group>"; };
		A43494981C730A2B00335FDA /* Assets.xcassets */ = {isa = PBXFileReference; lastKnownFileType = folder.assetcatalog; path = Assets.xcassets; sourceTree = "<group>"; };
		A434949B1C730A2B00335FDA /* Base */ = {isa = PBXFileReference; lastKnownFileType = file.storyboard; name = Base; path = Base.lproj/LaunchScreen.storyboard; sourceTree = "<group>"; };
		A434949D1C730A2B00335FDA /* Info.plist */ = {isa = PBXFileReference; lastKnownFileType = text.plist.xml; path = Info.plist; sourceTree = "<group>"; };
		A43494A21C730A2B00335FDA /* DemoUITextViewTests.xctest */ = {isa = PBXFileReference; explicitFileType = wrapper.cfbundle; includeInIndex = 0; path = DemoUITextViewTests.xctest; sourceTree = BUILT_PRODUCTS_DIR; };
		A43494A61C730A2B00335FDA /* DemoUITextViewTests.m */ = {isa = PBXFileReference; lastKnownFileType = sourcecode.c.objc; path = DemoUITextViewTests.m; sourceTree = "<group>"; };
		A43494A81C730A2B00335FDA /* Info.plist */ = {isa = PBXFileReference; lastKnownFileType = text.plist.xml; path = Info.plist; sourceTree = "<group>"; };
		A43494AD1C730A2B00335FDA /* DemoUITextViewUITests.xctest */ = {isa = PBXFileReference; explicitFileType = wrapper.cfbundle; includeInIndex = 0; path = DemoUITextViewUITests.xctest; sourceTree = BUILT_PRODUCTS_DIR; };
		A43494B11C730A2B00335FDA /* DemoUITextViewUITests.m */ = {isa = PBXFileReference; lastKnownFileType = sourcecode.c.objc; path = DemoUITextViewUITests.m; sourceTree = "<group>"; };
		A43494B31C730A2B00335FDA /* Info.plist */ = {isa = PBXFileReference; lastKnownFileType = text.plist.xml; path = Info.plist; sourceTree = "<group>"; };
		A43494BF1C7312AE00335FDA /* CSTextView.h */ = {isa = PBXFileReference; fileEncoding = 4; lastKnownFileType = sourcecode.c.h; path = CSTextView.h; sourceTree = "<group>"; };
		A43494C01C7312AE00335FDA /* CSTextView.m */ = {isa = PBXFileReference; fileEncoding = 4; lastKnownFileType = sourcecode.c.objc; path = CSTextView.m; sourceTree = "<group>"; };
/* End PBXFileReference section */

/* Begin PBXFrameworksBuildPhase section */
		A43494831C730A2B00335FDA /* Frameworks */ = {
			isa = PBXFrameworksBuildPhase;
			buildActionMask = 2147483647;
			files = (
			);
			runOnlyForDeploymentPostprocessing = 0;
		};
		A434949F1C730A2B00335FDA /* Frameworks */ = {
			isa = PBXFrameworksBuildPhase;
			buildActionMask = 2147483647;
			files = (
			);
			runOnlyForDeploymentPostprocessing = 0;
		};
		A43494AA1C730A2B00335FDA /* Frameworks */ = {
			isa = PBXFrameworksBuildPhase;
			buildActionMask = 2147483647;
			files = (
			);
			runOnlyForDeploymentPostprocessing = 0;
		};
/* End PBXFrameworksBuildPhase section */

/* Begin PBXGroup section */
		A434947D1C730A2B00335FDA = {
			isa = PBXGroup;
			children = (
				A43494881C730A2B00335FDA /* DemoUITextView */,
				A43494A51C730A2B00335FDA /* DemoUITextViewTests */,
				A43494B01C730A2B00335FDA /* DemoUITextViewUITests */,
				A43494871C730A2B00335FDA /* Products */,
			);
			sourceTree = "<group>";
		};
		A43494871C730A2B00335FDA /* Products */ = {
			isa = PBXGroup;
			children = (
				A43494861C730A2B00335FDA /* DemoUITextView.app */,
				A43494A21C730A2B00335FDA /* DemoUITextViewTests.xctest */,
				A43494AD1C730A2B00335FDA /* DemoUITextViewUITests.xctest */,
			);
			name = Products;
			sourceTree = "<group>";
		};
		A43494881C730A2B00335FDA /* DemoUITextView */ = {
			isa = PBXGroup;
			children = (
				A434948C1C730A2B00335FDA /* AppDelegate.h */,
				A434948D1C730A2B00335FDA /* AppDelegate.m */,
				A434948F1C730A2B00335FDA /* ViewController.h */,
				A43494901C730A2B00335FDA /* ViewController.m */,
				A43494BF1C7312AE00335FDA /* CSTextView.h */,
				A43494C01C7312AE00335FDA /* CSTextView.m */,
				A43494921C730A2B00335FDA /* Main.storyboard */,
				A43494981C730A2B00335FDA /* Assets.xcassets */,
				A434949A1C730A2B00335FDA /* LaunchScreen.storyboard */,
				A434949D1C730A2B00335FDA /* Info.plist */,
				A43494951C730A2B00335FDA /* DemoUITextView.xcdatamodeld */,
				A43494891C730A2B00335FDA /* Supporting Files */,
			);
			path = DemoUITextView;
			sourceTree = "<group>";
		};
		A43494891C730A2B00335FDA /* Supporting Files */ = {
			isa = PBXGroup;
			children = (
				A434948A1C730A2B00335FDA /* main.m */,
			);
			name = "Supporting Files";
			sourceTree = "<group>";
		};
		A43494A51C730A2B00335FDA /* DemoUITextViewTests */ = {
			isa = PBXGroup;
			children = (
				A43494A61C730A2B00335FDA /* DemoUITextViewTests.m */,
				A43494A81C730A2B00335FDA /* Info.plist */,
			);
			path = DemoUITextViewTests;
			sourceTree = "<group>";
		};
		A43494B01C730A2B00335FDA /* DemoUITextViewUITests */ = {
			isa = PBXGroup;
			children = (
				A43494B11C730A2B00335FDA /* DemoUITextViewUITests.m */,
				A43494B31C730A2B00335FDA /* Info.plist */,
			);
			path = DemoUITextViewUITests;
			sourceTree = "<group>";
		};
/* End PBXGroup section */

/* Begin PBXNativeTarget section */
		A43494851C730A2B00335FDA /* DemoUITextView */ = {
			isa = PBXNativeTarget;
			buildConfigurationList = A43494B61C730A2B00335FDA /* Build configuration list for PBXNativeTarget "DemoUITextView" */;
			buildPhases = (
				A43494821C730A2B00335FDA /* Sources */,
				A43494831C730A2B00335FDA /* Frameworks */,
				A43494841C730A2B00335FDA /* Resources */,
			);
			buildRules = (
			);
			dependencies = (
			);
			name = DemoUITextView;
			productName = DemoUITextView;
			productReference = A43494861C730A2B00335FDA /* DemoUITextView.app */;
			productType = "com.apple.product-type.application";
		};
		A43494A11C730A2B00335FDA /* DemoUITextViewTests */ = {
			isa = PBXNativeTarget;
			buildConfigurationList = A43494B91C730A2B00335FDA /* Build configuration list for PBXNativeTarget "DemoUITextViewTests" */;
			buildPhases = (
				A434949E1C730A2B00335FDA /* Sources */,
				A434949F1C730A2B00335FDA /* Frameworks */,
				A43494A01C730A2B00335FDA /* Resources */,
			);
			buildRules = (
			);
			dependencies = (
				A43494A41C730A2B00335FDA /* PBXTargetDependency */,
			);
			name = DemoUITextViewTests;
			productName = DemoUITextViewTests;
			productReference = A43494A21C730A2B00335FDA /* DemoUITextViewTests.xctest */;
			productType = "com.apple.product-type.bundle.unit-test";
		};
		A43494AC1C730A2B00335FDA /* DemoUITextViewUITests */ = {
			isa = PBXNativeTarget;
			buildConfigurationList = A43494BC1C730A2B00335FDA /* Build configuration list for PBXNativeTarget "DemoUITextViewUITests" */;
			buildPhases = (
				A43494A91C730A2B00335FDA /* Sources */,
				A43494AA1C730A2B00335FDA /* Frameworks */,
				A43494AB1C730A2B00335FDA /* Resources */,
			);
			buildRules = (
			);
			dependencies = (
				A43494AF1C730A2B00335FDA /* PBXTargetDependency */,
			);
			name = DemoUITextViewUITests;
			productName = DemoUITextViewUITests;
			productReference = A43494AD1C730A2B00335FDA /* DemoUITextViewUITests.xctest */;
			productType = "com.apple.product-type.bundle.ui-testing";
		};
/* End PBXNativeTarget section */

/* Begin PBXProject section */
		A434947E1C730A2B00335FDA /* Project object */ = {
			isa = PBXProject;
			attributes = {
				LastUpgradeCheck = 0720;
				ORGANIZATIONNAME = icetime17;
				TargetAttributes = {
					A43494851C730A2B00335FDA = {
						CreatedOnToolsVersion = 7.2.1;
					};
					A43494A11C730A2B00335FDA = {
						CreatedOnToolsVersion = 7.2.1;
						TestTargetID = A43494851C730A2B00335FDA;
					};
					A43494AC1C730A2B00335FDA = {
						CreatedOnToolsVersion = 7.2.1;
						TestTargetID = A43494851C730A2B00335FDA;
					};
				};
			};
			buildConfigurationList = A43494811C730A2B00335FDA /* Build configuration list for PBXProject "DemoUITextView" */;
			compatibilityVersion = "Xcode 3.2";
			developmentRegion = English;
			hasScannedForEncodings = 0;
			knownRegions = (
				en,
				Base,
			);
			mainGroup = A434947D1C730A2B00335FDA;
			productRefGroup = A43494871C730A2B00335FDA /* Products */;
			projectDirPath = "";
			projectRoot = "";
			targets = (
				A43494851C730A2B00335FDA /* DemoUITextView */,
				A43494A11C730A2B00335FDA /* DemoUITextViewTests */,
				A43494AC1C730A2B00335FDA /* DemoUITextViewUITests */,
			);
		};
/* End PBXProject section */

/* Begin PBXResourcesBuildPhase section */
		A43494841C730A2B00335FDA /* Resources */ = {
			isa = PBXResourcesBuildPhase;
			buildActionMask = 2147483647;
			files = (
				A434949C1C730A2B00335FDA /* LaunchScreen.storyboard in Resources */,
				A43494991C730A2B00335FDA /* Assets.xcassets in Resources */,
				A43494941C730A2B00335FDA /* Main.storyboard in Resources */,
			);
			runOnlyForDeploymentPostprocessing = 0;
		};
		A43494A01C730A2B00335FDA /* Resources */ = {
			isa = PBXResourcesBuildPhase;
			buildActionMask = 2147483647;
			files = (
			);
			runOnlyForDeploymentPostprocessing = 0;
		};
		A43494AB1C730A2B00335FDA /* Resources */ = {
			isa = PBXResourcesBuildPhase;
			buildActionMask = 2147483647;
			files = (
			);
			runOnlyForDeploymentPostprocessing = 0;
		};
/* End PBXResourcesBuildPhase section */

/* Begin PBXSourcesBuildPhase section */
		A43494821C730A2B00335FDA /* Sources */ = {
			isa = PBXSourcesBuildPhase;
			buildActionMask = 2147483647;
			files = (
				A43494911C730A2B00335FDA /* ViewController.m in Sources */,
				A434948E1C730A2B00335FDA /* AppDelegate.m in Sources */,
				A43494971C730A2B00335FDA /* DemoUITextView.xcdatamodeld in Sources */,
				A434948B1C730A2B00335FDA /* main.m in Sources */,
				A43494C11C7312AE00335FDA /* CSTextView.m in Sources */,
			);
			runOnlyForDeploymentPostprocessing = 0;
		};
		A434949E1C730A2B00335FDA /* Sources */ = {
			isa = PBXSourcesBuildPhase;
			buildActionMask = 2147483647;
			files = (
				A43494A71C730A2B00335FDA /* DemoUITextViewTests.m in Sources */,
			);
			runOnlyForDeploymentPostprocessing = 0;
		};
		A43494A91C730A2B00335FDA /* Sources */ = {
			isa = PBXSourcesBuildPhase;
			buildActionMask = 2147483647;
			files = (
				A43494B21C730A2B00335FDA /* DemoUITextViewUITests.m in Sources */,
			);
			runOnlyForDeploymentPostprocessing = 0;
		};
/* End PBXSourcesBuildPhase section */

/* Begin PBXTargetDependency section */
		A43494A41C730A2B00335FDA /* PBXTargetDependency */ = {
			isa = PBXTargetDependency;
			target = A43494851C730A2B00335FDA /* DemoUITextView */;
			targetProxy = A43494A31C730A2B00335FDA /* PBXContainerItemProxy */;
		};
		A43494AF1C730A2B00335FDA /* PBXTargetDependency */ = {
			isa = PBXTargetDependency;
			target = A43494851C730A2B00335FDA /* DemoUITextView */;
			targetProxy = A43494AE1C730A2B00335FDA /* PBXContainerItemProxy */;
		};
/* End PBXTargetDependency section */

/* Begin PBXVariantGroup section */
		A43494921C730A2B00335FDA /* Main.storyboard */ = {
			isa = PBXVariantGroup;
			children = (
				A43494931C730A2B00335FDA /* Base */,
			);
			name = Main.storyboard;
			sourceTree = "<group>";
		};
		A434949A1C730A2B00335FDA /* LaunchScreen.storyboard */ = {
			isa = PBXVariantGroup;
			children = (
				A434949B1C730A2B00335FDA /* Base */,
			);
			name = LaunchScreen.storyboard;
			sourceTree = "<group>";
		};
/* End PBXVariantGroup section */

/* Begin XCBuildConfiguration section */
		A43494B41C730A2B00335FDA /* Debug */ = {
			isa = XCBuildConfiguration;
			buildSettings = {
				ALWAYS_SEARCH_USER_PATHS = NO;
				CLANG_CXX_LANGUAGE_STANDARD = "gnu++0x";
				CLANG_CXX_LIBRARY = "libc++";
				CLANG_ENABLE_MODULES = YES;
				CLANG_ENABLE_OBJC_ARC = YES;
				CLANG_WARN_BOOL_CONVERSION = YES;
				CLANG_WARN_CONSTANT_CONVERSION = YES;
				CLANG_WARN_DIRECT_OBJC_ISA_USAGE = YES_ERROR;
				CLANG_WARN_EMPTY_BODY = YES;
				CLANG_WARN_ENUM_CONVERSION = YES;
				CLANG_WARN_INT_CONVERSION = YES;
				CLANG_WARN_OBJC_ROOT_CLASS = YES_ERROR;
				CLANG_WARN_UNREACHABLE_CODE = YES;
				CLANG_WARN__DUPLICATE_METHOD_MATCH = YES;
				"CODE_SIGN_IDENTITY[sdk=iphoneos*]" = "iPhone Developer";
				COPY_PHASE_STRIP = NO;
				DEBUG_INFORMATION_FORMAT = dwarf;
				ENABLE_STRICT_OBJC_MSGSEND = YES;
				ENABLE_TESTABILITY = YES;
				GCC_C_LANGUAGE_STANDARD = gnu99;
				GCC_DYNAMIC_NO_PIC = NO;
				GCC_NO_COMMON_BLOCKS = YES;
				GCC_OPTIMIZATION_LEVEL = 0;
				GCC_PREPROCESSOR_DEFINITIONS = (
					"DEBUG=1",
					"$(inherited)",
				);
				GCC_WARN_64_TO_32_BIT_CONVERSION = YES;
				GCC_WARN_ABOUT_RETURN_TYPE = YES_ERROR;
				GCC_WARN_UNDECLARED_SELECTOR = YES;
				GCC_WARN_UNINITIALIZED_AUTOS = YES_AGGRESSIVE;
				GCC_WARN_UNUSED_FUNCTION = YES;
				GCC_WARN_UNUSED_VARIABLE = YES;
				IPHONEOS_DEPLOYMENT_TARGET = 9.2;
				MTL_ENABLE_DEBUG_INFO = YES;
				ONLY_ACTIVE_ARCH = YES;
				SDKROOT = iphoneos;
			};
			name = Debug;
		};
		A43494B51C730A2B00335FDA /* Release */ = {
			isa = XCBuildConfiguration;
			buildSettings = {
				ALWAYS_SEARCH_USER_PATHS = NO;
				CLANG_CXX_LANGUAGE_STANDARD = "gnu++0x";
				CLANG_CXX_LIBRARY = "libc++";
				CLANG_ENABLE_MODULES = YES;
				CLANG_ENABLE_OBJC_ARC = YES;
				CLANG_WARN_BOOL_CONVERSION = YES;
				CLANG_WARN_CONSTANT_CONVERSION = YES;
				CLANG_WARN_DIRECT_OBJC_ISA_USAGE = YES_ERROR;
				CLANG_WARN_EMPTY_BODY = YES;
				CLANG_WARN_ENUM_CONVERSION = YES;
				CLANG_WARN_INT_CONVERSION = YES;
				CLANG_WARN_OBJC_ROOT_CLASS = YES_ERROR;
				CLANG_WARN_UNREACHABLE_CODE = YES;
				CLANG_WARN__DUPLICATE_METHOD_MATCH = YES;
				"CODE_SIGN_IDENTITY[sdk=iphoneos*]" = "iPhone Developer";
				COPY_PHASE_STRIP = NO;
				DEBUG_INFORMATION_FORMAT = "dwarf-with-dsym";
				ENABLE_NS_ASSERTIONS = NO;
				ENABLE_STRICT_OBJC_MSGSEND = YES;
				GCC_C_LANGUAGE_STANDARD = gnu99;
				GCC_NO_COMMON_BLOCKS = YES;
				GCC_WARN_64_TO_32_BIT_CONVERSION = YES;
				GCC_WARN_ABOUT_RETURN_TYPE = YES_ERROR;
				GCC_WARN_UNDECLARED_SELECTOR = YES;
				GCC_WARN_UNINITIALIZED_AUTOS = YES_AGGRESSIVE;
				GCC_WARN_UNUSED_FUNCTION = YES;
				GCC_WARN_UNUSED_VARIABLE = YES;
				IPHONEOS_DEPLOYMENT_TARGET = 9.2;
				MTL_ENABLE_DEBUG_INFO = NO;
				SDKROOT = iphoneos;
				VALIDATE_PRODUCT = YES;
			};
			name = Release;
		};
		A43494B71C730A2B00335FDA /* Debug */ = {
			isa = XCBuildConfiguration;
			buildSettings = {
				ASSETCATALOG_COMPILER_APPICON_NAME = AppIcon;
				INFOPLIST_FILE = DemoUITextView/Info.plist;
				LD_RUNPATH_SEARCH_PATHS = "$(inherited) @executable_path/Frameworks";
				PRODUCT_BUNDLE_IDENTIFIER = icetime17.DemoUITextView;
				PRODUCT_NAME = "$(TARGET_NAME)";
			};
			name = Debug;
		};
		A43494B81C730A2B00335FDA /* Release */ = {
			isa = XCBuildConfiguration;
			buildSettings = {
				ASSETCATALOG_COMPILER_APPICON_NAME = AppIcon;
				INFOPLIST_FILE = DemoUITextView/Info.plist;
				LD_RUNPATH_SEARCH_PATHS = "$(inherited) @executable_path/Frameworks";
				PRODUCT_BUNDLE_IDENTIFIER = icetime17.DemoUITextView;
				PRODUCT_NAME = "$(TARGET_NAME)";
			};
			name = Release;
		};
		A43494BA1C730A2B00335FDA /* Debug */ = {
			isa = XCBuildConfiguration;
			buildSettings = {
				BUNDLE_LOADER = "$(TEST_HOST)";
				INFOPLIST_FILE = DemoUITextViewTests/Info.plist;
				LD_RUNPATH_SEARCH_PATHS = "$(inherited) @executable_path/Frameworks @loader_path/Frameworks";
				PRODUCT_BUNDLE_IDENTIFIER = icetime17.DemoUITextViewTests;
				PRODUCT_NAME = "$(TARGET_NAME)";
				TEST_HOST = "$(BUILT_PRODUCTS_DIR)/DemoUITextView.app/DemoUITextView";
			};
			name = Debug;
		};
		A43494BB1C730A2B00335FDA /* Release */ = {
			isa = XCBuildConfiguration;
			buildSettings = {
				BUNDLE_LOADER = "$(TEST_HOST)";
				INFOPLIST_FILE = DemoUITextViewTests/Info.plist;
				LD_RUNPATH_SEARCH_PATHS = "$(inherited) @executable_path/Frameworks @loader_path/Frameworks";
				PRODUCT_BUNDLE_IDENTIFIER = icetime17.DemoUITextViewTests;
				PRODUCT_NAME = "$(TARGET_NAME)";
				TEST_HOST = "$(BUILT_PRODUCTS_DIR)/DemoUITextView.app/DemoUITextView";
			};
			name = Release;
		};
		A43494BD1C730A2B00335FDA /* Debug */ = {
			isa = XCBuildConfiguration;
			buildSettings = {
				INFOPLIST_FILE = DemoUITextViewUITests/Info.plist;
				LD_RUNPATH_SEARCH_PATHS = "$(inherited) @executable_path/Frameworks @loader_path/Frameworks";
				PRODUCT_BUNDLE_IDENTIFIER = icetime17.DemoUITextViewUITests;
				PRODUCT_NAME = "$(TARGET_NAME)";
				TEST_TARGET_NAME = DemoUITextView;
				USES_XCTRUNNER = YES;
			};
			name = Debug;
		};
		A43494BE1C730A2B00335FDA /* Release */ = {
			isa = XCBuildConfiguration;
			buildSettings = {
				INFOPLIST_FILE = DemoUITextViewUITests/Info.plist;
				LD_RUNPATH_SEARCH_PATHS = "$(inherited) @executable_path/Frameworks @loader_path/Frameworks";
				PRODUCT_BUNDLE_IDENTIFIER = icetime17.DemoUITextViewUITests;
				PRODUCT_NAME = "$(TARGET_NAME)";
				TEST_TARGET_NAME = DemoUITextView;
				USES_XCTRUNNER = YES;
			};
			name = Release;
		};
/* End XCBuildConfiguration section */

/* Begin XCConfigurationList section */
		A43494811C730A2B00335FDA /* Build configuration list for PBXProject "DemoUITextView" */ = {
			isa = XCConfigurationList;
			buildConfigurations = (
				A43494B41C730A2B00335FDA /* Debug */,
				A43494B51C730A2B00335FDA /* Release */,
			);
			defaultConfigurationIsVisible = 0;
			defaultConfigurationName = Release;
		};
		A43494B61C730A2B00335FDA /* Build configuration list for PBXNativeTarget "DemoUITextView" */ = {
			isa = XCConfigurationList;
			buildConfigurations = (
				A43494B71C730A2B00335FDA /* Debug */,
				A43494B81C730A2B00335FDA /* Release */,
			);
			defaultConfigurationIsVisible = 0;
			defaultConfigurationName = Release;
		};
		A43494B91C730A2B00335FDA /* Build configuration list for PBXNativeTarget "DemoUITextViewTests" */ = {
			isa = XCConfigurationList;
			buildConfigurations = (
				A43494BA1C730A2B00335FDA /* Debug */,
				A43494BB1C730A2B00335FDA /* Release */,
			);
			defaultConfigurationIsVisible = 0;
			defaultConfigurationName = Release;
		};
		A43494BC1C730A2B00335FDA /* Build configuration list for PBXNativeTarget "DemoUITextViewUITests" */ = {
			isa = XCConfigurationList;
			buildConfigurations = (
				A43494BD1C730A2B00335FDA /* Debug */,
				A43494BE1C730A2B00335FDA /* Release */,
			);
			defaultConfigurationIsVisible = 0;
			defaultConfigurationName = Release;
		};
/* End XCConfigurationList section */

/* Begin XCVersionGroup section */
		A43494951C730A2B00335FDA /* DemoUITextView.xcdatamodeld */ = {
			isa = XCVersionGroup;
			children = (
				A43494961C730A2B00335FDA /* DemoUITextView.xcdatamodel */,
			);
			currentVersion = A43494961C730A2B00335FDA /* DemoUITextView.xcdatamodel */;
			path = DemoUITextView.xcdatamodeld;
			sourceTree = "<group>";
			versionGroupType = wrapper.xcdatamodel;
		};
/* End XCVersionGroup section */
	};
	rootObject = A434947E1C730A2B00335FDA /* Project object */;
}
