PODS:
  - MBProgressHUD (1.0.0)
  - PKHUD (4.0.0)

DEPENDENCIES:
  - MBProgressHUD
  - PKHUD

SPEC CHECKSUMS:
  MBProgressHUD: 4890f671c94e8a0f3cf959aa731e9de2f036d71a
  PKHUD: 2bb45c936bb8afa39f3cd33ec14e8cc89f624255

PODFILE CHECKSUM: 46d980448035abd824a2f2afe212c6f865d3a6b0

COCOAPODS: 1.2.0.beta.1
