// !$*UTF8*$!
{
	archiveVersion = 1;
	classes = {
	};
	objectVersion = 46;
	objects = {

/* Begin PBXBuildFile section */
		A44100901C59BCB200160A55 /* main.m in Sources */ = {isa = PBXBuildFile; fileRef = A441008F1C59BCB200160A55 /* main.m */; };
		A44100931C59BCB200160A55 /* AppDelegate.m in Sources */ = {isa = PBXBuildFile; fileRef = A44100921C59BCB200160A55 /* AppDelegate.m */; };
		A44100961C59BCB200160A55 /* ViewController.m in Sources */ = {isa = PBXBuildFile; fileRef = A44100951C59BCB200160A55 /* ViewController.m */; };
		A44100991C59BCB200160A55 /* Main.storyboard in Resources */ = {isa = PBXBuildFile; fileRef = A44100971C59BCB200160A55 /* Main.storyboard */; };
		A441009B1C59BCB200160A55 /* Assets.xcassets in Resources */ = {isa = PBXBuildFile; fileRef = A441009A1C59BCB200160A55 /* Assets.xcassets */; };
		A441009E1C59BCB200160A55 /* LaunchScreen.storyboard in Resources */ = {isa = PBXBuildFile; fileRef = A441009C1C59BCB200160A55 /* LaunchScreen.storyboard */; };
		A44100A91C59BCB200160A55 /* DemoKVCTests.m in Sources */ = {isa = PBXBuildFile; fileRef = A44100A81C59BCB200160A55 /* DemoKVCTests.m */; };
/* End PBXBuildFile section */

/* Begin PBXContainerItemProxy section */
		A44100A51C59BCB200160A55 /* PBXContainerItemProxy */ = {
			isa = PBXContainerItemProxy;
			containerPortal = A44100831C59BCB200160A55 /* Project object */;
			proxyType = 1;
			remoteGlobalIDString = A441008A1C59BCB200160A55;
			remoteInfo = DemoKVC;
		};
/* End PBXContainerItemProxy section */

/* Begin PBXFileReference section */
		A441008B1C59BCB200160A55 /* DemoKVC.app */ = {isa = PBXFileReference; explicitFileType = wrapper.application; includeInIndex = 0; path = DemoKVC.app; sourceTree = BUILT_PRODUCTS_DIR; };
		A441008F1C59BCB200160A55 /* main.m */ = {isa = PBXFileReference; lastKnownFileType = sourcecode.c.objc; path = main.m; sourceTree = "<group>"; };
		A44100911C59BCB200160A55 /* AppDelegate.h */ = {isa = PBXFileReference; lastKnownFileType = sourcecode.c.h; path = AppDelegate.h; sourceTree = "<group>"; };
		A44100921C59BCB200160A55 /* AppDelegate.m */ = {isa = PBXFileReference; lastKnownFileType = sourcecode.c.objc; path = AppDelegate.m; sourceTree = "<group>"; };
		A44100941C59BCB200160A55 /* ViewController.h */ = {isa = PBXFileReference; lastKnownFileType = sourcecode.c.h; path = ViewController.h; sourceTree = "<group>"; };
		A44100951C59BCB200160A55 /* ViewController.m */ = {isa = PBXFileReference; lastKnownFileType = sourcecode.c.objc; path = ViewController.m; sourceTree = "<group>"; };
		A44100981C59BCB200160A55 /* Base */ = {isa = PBXFileReference; lastKnownFileType = file.storyboard; name = Base; path = Base.lproj/Main.storyboard; sourceTree = "<group>"; };
		A441009A1C59BCB200160A55 /* Assets.xcassets */ = {isa = PBXFileReference; lastKnownFileType = folder.assetcatalog; path = Assets.xcassets; sourceTree = "<group>"; };
		A441009D1C59BCB200160A55 /* Base */ = {isa = PBXFileReference; lastKnownFileType = file.storyboard; name = Base; path = Base.lproj/LaunchScreen.storyboard; sourceTree = "<group>"; };
		A441009F1C59BCB200160A55 /* Info.plist */ = {isa = PBXFileReference; lastKnownFileType = text.plist.xml; path = Info.plist; sourceTree = "<group>"; };
		A44100A41C59BCB200160A55 /* DemoKVCTests.xctest */ = {isa = PBXFileReference; explicitFileType = wrapper.cfbundle; includeInIndex = 0; path = DemoKVCTests.xctest; sourceTree = BUILT_PRODUCTS_DIR; };
		A44100A81C59BCB200160A55 /* DemoKVCTests.m */ = {isa = PBXFileReference; lastKnownFileType = sourcecode.c.objc; path = DemoKVCTests.m; sourceTree = "<group>"; };
		A44100AA1C59BCB200160A55 /* Info.plist */ = {isa = PBXFileReference; lastKnownFileType = text.plist.xml; path = Info.plist; sourceTree = "<group>"; };
/* End PBXFileReference section */

/* Begin PBXFrameworksBuildPhase section */
		A44100881C59BCB200160A55 /* Frameworks */ = {
			isa = PBXFrameworksBuildPhase;
			buildActionMask = 2147483647;
			files = (
			);
			runOnlyForDeploymentPostprocessing = 0;
		};
		A44100A11C59BCB200160A55 /* Frameworks */ = {
			isa = PBXFrameworksBuildPhase;
			buildActionMask = 2147483647;
			files = (
			);
			runOnlyForDeploymentPostprocessing = 0;
		};
/* End PBXFrameworksBuildPhase section */

/* Begin PBXGroup section */
		A44100821C59BCB200160A55 = {
			isa = PBXGroup;
			children = (
				A441008D1C59BCB200160A55 /* DemoKVC */,
				A44100A71C59BCB200160A55 /* DemoKVCTests */,
				A441008C1C59BCB200160A55 /* Products */,
			);
			sourceTree = "<group>";
		};
		A441008C1C59BCB200160A55 /* Products */ = {
			isa = PBXGroup;
			children = (
				A441008B1C59BCB200160A55 /* DemoKVC.app */,
				A44100A41C59BCB200160A55 /* DemoKVCTests.xctest */,
			);
			name = Products;
			sourceTree = "<group>";
		};
		A441008D1C59BCB200160A55 /* DemoKVC */ = {
			isa = PBXGroup;
			children = (
				A44100911C59BCB200160A55 /* AppDelegate.h */,
				A44100921C59BCB200160A55 /* AppDelegate.m */,
				A44100941C59BCB200160A55 /* ViewController.h */,
				A44100951C59BCB200160A55 /* ViewController.m */,
				A44100971C59BCB200160A55 /* Main.storyboard */,
				A441009A1C59BCB200160A55 /* Assets.xcassets */,
				A441009C1C59BCB200160A55 /* LaunchScreen.storyboard */,
				A441009F1C59BCB200160A55 /* Info.plist */,
				A441008E1C59BCB200160A55 /* Supporting Files */,
			);
			path = DemoKVC;
			sourceTree = "<group>";
		};
		A441008E1C59BCB200160A55 /* Supporting Files */ = {
			isa = PBXGroup;
			children = (
				A441008F1C59BCB200160A55 /* main.m */,
			);
			name = "Supporting Files";
			sourceTree = "<group>";
		};
		A44100A71C59BCB200160A55 /* DemoKVCTests */ = {
			isa = PBXGroup;
			children = (
				A44100A81C59BCB200160A55 /* DemoKVCTests.m */,
				A44100AA1C59BCB200160A55 /* Info.plist */,
			);
			path = DemoKVCTests;
			sourceTree = "<group>";
		};
/* End PBXGroup section */

/* Begin PBXNativeTarget section */
		A441008A1C59BCB200160A55 /* DemoKVC */ = {
			isa = PBXNativeTarget;
			buildConfigurationList = A44100AD1C59BCB200160A55 /* Build configuration list for PBXNativeTarget "DemoKVC" */;
			buildPhases = (
				A44100871C59BCB200160A55 /* Sources */,
				A44100881C59BCB200160A55 /* Frameworks */,
				A44100891C59BCB200160A55 /* Resources */,
			);
			buildRules = (
			);
			dependencies = (
			);
			name = DemoKVC;
			productName = DemoKVC;
			productReference = A441008B1C59BCB200160A55 /* DemoKVC.app */;
			productType = "com.apple.product-type.application";
		};
		A44100A31C59BCB200160A55 /* DemoKVCTests */ = {
			isa = PBXNativeTarget;
			buildConfigurationList = A44100B01C59BCB200160A55 /* Build configuration list for PBXNativeTarget "DemoKVCTests" */;
			buildPhases = (
				A44100A01C59BCB200160A55 /* Sources */,
				A44100A11C59BCB200160A55 /* Frameworks */,
				A44100A21C59BCB200160A55 /* Resources */,
			);
			buildRules = (
			);
			dependencies = (
				A44100A61C59BCB200160A55 /* PBXTargetDependency */,
			);
			name = DemoKVCTests;
			productName = DemoKVCTests;
			productReference = A44100A41C59BCB200160A55 /* DemoKVCTests.xctest */;
			productType = "com.apple.product-type.bundle.unit-test";
		};
/* End PBXNativeTarget section */

/* Begin PBXProject section */
		A44100831C59BCB200160A55 /* Project object */ = {
			isa = PBXProject;
			attributes = {
				LastUpgradeCheck = 0720;
				ORGANIZATIONNAME = icetime17;
				TargetAttributes = {
					A441008A1C59BCB200160A55 = {
						CreatedOnToolsVersion = 7.2;
					};
					A44100A31C59BCB200160A55 = {
						CreatedOnToolsVersion = 7.2;
						TestTargetID = A441008A1C59BCB200160A55;
					};
				};
			};
			buildConfigurationList = A44100861C59BCB200160A55 /* Build configuration list for PBXProject "DemoKVC" */;
			compatibilityVersion = "Xcode 3.2";
			developmentRegion = English;
			hasScannedForEncodings = 0;
			knownRegions = (
				en,
				Base,
			);
			mainGroup = A44100821C59BCB200160A55;
			productRefGroup = A441008C1C59BCB200160A55 /* Products */;
			projectDirPath = "";
			projectRoot = "";
			targets = (
				A441008A1C59BCB200160A55 /* DemoKVC */,
				A44100A31C59BCB200160A55 /* DemoKVCTests */,
			);
		};
/* End PBXProject section */

/* Begin PBXResourcesBuildPhase section */
		A44100891C59BCB200160A55 /* Resources */ = {
			isa = PBXResourcesBuildPhase;
			buildActionMask = 2147483647;
			files = (
				A441009E1C59BCB200160A55 /* LaunchScreen.storyboard in Resources */,
				A441009B1C59BCB200160A55 /* Assets.xcassets in Resources */,
				A44100991C59BCB200160A55 /* Main.storyboard in Resources */,
			);
			runOnlyForDeploymentPostprocessing = 0;
		};
		A44100A21C59BCB200160A55 /* Resources */ = {
			isa = PBXResourcesBuildPhase;
			buildActionMask = 2147483647;
			files = (
			);
			runOnlyForDeploymentPostprocessing = 0;
		};
/* End PBXResourcesBuildPhase section */

/* Begin PBXSourcesBuildPhase section */
		A44100871C59BCB200160A55 /* Sources */ = {
			isa = PBXSourcesBuildPhase;
			buildActionMask = 2147483647;
			files = (
				A44100961C59BCB200160A55 /* ViewController.m in Sources */,
				A44100931C59BCB200160A55 /* AppDelegate.m in Sources */,
				A44100901C59BCB200160A55 /* main.m in Sources */,
			);
			runOnlyForDeploymentPostprocessing = 0;
		};
		A44100A01C59BCB200160A55 /* Sources */ = {
			isa = PBXSourcesBuildPhase;
			buildActionMask = 2147483647;
			files = (
				A44100A91C59BCB200160A55 /* DemoKVCTests.m in Sources */,
			);
			runOnlyForDeploymentPostprocessing = 0;
		};
/* End PBXSourcesBuildPhase section */

/* Begin PBXTargetDependency section */
		A44100A61C59BCB200160A55 /* PBXTargetDependency */ = {
			isa = PBXTargetDependency;
			target = A441008A1C59BCB200160A55 /* DemoKVC */;
			targetProxy = A44100A51C59BCB200160A55 /* PBXContainerItemProxy */;
		};
/* End PBXTargetDependency section */

/* Begin PBXVariantGroup section */
		A44100971C59BCB200160A55 /* Main.storyboard */ = {
			isa = PBXVariantGroup;
			children = (
				A44100981C59BCB200160A55 /* Base */,
			);
			name = Main.storyboard;
			sourceTree = "<group>";
		};
		A441009C1C59BCB200160A55 /* LaunchScreen.storyboard */ = {
			isa = PBXVariantGroup;
			children = (
				A441009D1C59BCB200160A55 /* Base */,
			);
			name = LaunchScreen.storyboard;
			sourceTree = "<group>";
		};
/* End PBXVariantGroup section */

/* Begin XCBuildConfiguration section */
		A44100AB1C59BCB200160A55 /* Debug */ = {
			isa = XCBuildConfiguration;
			buildSettings = {
				ALWAYS_SEARCH_USER_PATHS = NO;
				CLANG_CXX_LANGUAGE_STANDARD = "gnu++0x";
				CLANG_CXX_LIBRARY = "libc++";
				CLANG_ENABLE_MODULES = YES;
				CLANG_ENABLE_OBJC_ARC = YES;
				CLANG_WARN_BOOL_CONVERSION = YES;
				CLANG_WARN_CONSTANT_CONVERSION = YES;
				CLANG_WARN_DIRECT_OBJC_ISA_USAGE = YES_ERROR;
				CLANG_WARN_EMPTY_BODY = YES;
				CLANG_WARN_ENUM_CONVERSION = YES;
				CLANG_WARN_INT_CONVERSION = YES;
				CLANG_WARN_OBJC_ROOT_CLASS = YES_ERROR;
				CLANG_WARN_UNREACHABLE_CODE = YES;
				CLANG_WARN__DUPLICATE_METHOD_MATCH = YES;
				"CODE_SIGN_IDENTITY[sdk=iphoneos*]" = "iPhone Developer";
				COPY_PHASE_STRIP = NO;
				DEBUG_INFORMATION_FORMAT = dwarf;
				ENABLE_STRICT_OBJC_MSGSEND = YES;
				ENABLE_TESTABILITY = YES;
				GCC_C_LANGUAGE_STANDARD = gnu99;
				GCC_DYNAMIC_NO_PIC = NO;
				GCC_NO_COMMON_BLOCKS = YES;
				GCC_OPTIMIZATION_LEVEL = 0;
				GCC_PREPROCESSOR_DEFINITIONS = (
					"DEBUG=1",
					"$(inherited)",
				);
				GCC_WARN_64_TO_32_BIT_CONVERSION = YES;
				GCC_WARN_ABOUT_RETURN_TYPE = YES_ERROR;
				GCC_WARN_UNDECLARED_SELECTOR = YES;
				GCC_WARN_UNINITIALIZED_AUTOS = YES_AGGRESSIVE;
				GCC_WARN_UNUSED_FUNCTION = YES;
				GCC_WARN_UNUSED_VARIABLE = YES;
				IPHONEOS_DEPLOYMENT_TARGET = 9.2;
				MTL_ENABLE_DEBUG_INFO = YES;
				ONLY_ACTIVE_ARCH = YES;
				SDKROOT = iphoneos;
			};
			name = Debug;
		};
		A44100AC1C59BCB200160A55 /* Release */ = {
			isa = XCBuildConfiguration;
			buildSettings = {
				ALWAYS_SEARCH_USER_PATHS = NO;
				CLANG_CXX_LANGUAGE_STANDARD = "gnu++0x";
				CLANG_CXX_LIBRARY = "libc++";
				CLANG_ENABLE_MODULES = YES;
				CLANG_ENABLE_OBJC_ARC = YES;
				CLANG_WARN_BOOL_CONVERSION = YES;
				CLANG_WARN_CONSTANT_CONVERSION = YES;
				CLANG_WARN_DIRECT_OBJC_ISA_USAGE = YES_ERROR;
				CLANG_WARN_EMPTY_BODY = YES;
				CLANG_WARN_ENUM_CONVERSION = YES;
				CLANG_WARN_INT_CONVERSION = YES;
				CLANG_WARN_OBJC_ROOT_CLASS = YES_ERROR;
				CLANG_WARN_UNREACHABLE_CODE = YES;
				CLANG_WARN__DUPLICATE_METHOD_MATCH = YES;
				"CODE_SIGN_IDENTITY[sdk=iphoneos*]" = "iPhone Developer";
				COPY_PHASE_STRIP = NO;
				DEBUG_INFORMATION_FORMAT = "dwarf-with-dsym";
				ENABLE_NS_ASSERTIONS = NO;
				ENABLE_STRICT_OBJC_MSGSEND = YES;
				GCC_C_LANGUAGE_STANDARD = gnu99;
				GCC_NO_COMMON_BLOCKS = YES;
				GCC_WARN_64_TO_32_BIT_CONVERSION = YES;
				GCC_WARN_ABOUT_RETURN_TYPE = YES_ERROR;
				GCC_WARN_UNDECLARED_SELECTOR = YES;
				GCC_WARN_UNINITIALIZED_AUTOS = YES_AGGRESSIVE;
				GCC_WARN_UNUSED_FUNCTION = YES;
				GCC_WARN_UNUSED_VARIABLE = YES;
				IPHONEOS_DEPLOYMENT_TARGET = 9.2;
				MTL_ENABLE_DEBUG_INFO = NO;
				SDKROOT = iphoneos;
				VALIDATE_PRODUCT = YES;
			};
			name = Release;
		};
		A44100AE1C59BCB200160A55 /* Debug */ = {
			isa = XCBuildConfiguration;
			buildSettings = {
				ASSETCATALOG_COMPILER_APPICON_NAME = AppIcon;
				INFOPLIST_FILE = DemoKVC/Info.plist;
				LD_RUNPATH_SEARCH_PATHS = "$(inherited) @executable_path/Frameworks";
				PRODUCT_BUNDLE_IDENTIFIER = icetime17.DemoKVC;
				PRODUCT_NAME = "$(TARGET_NAME)";
			};
			name = Debug;
		};
		A44100AF1C59BCB200160A55 /* Release */ = {
			isa = XCBuildConfiguration;
			buildSettings = {
				ASSETCATALOG_COMPILER_APPICON_NAME = AppIcon;
				INFOPLIST_FILE = DemoKVC/Info.plist;
				LD_RUNPATH_SEARCH_PATHS = "$(inherited) @executable_path/Frameworks";
				PRODUCT_BUNDLE_IDENTIFIER = icetime17.DemoKVC;
				PRODUCT_NAME = "$(TARGET_NAME)";
			};
			name = Release;
		};
		A44100B11C59BCB200160A55 /* Debug */ = {
			isa = XCBuildConfiguration;
			buildSettings = {
				BUNDLE_LOADER = "$(TEST_HOST)";
				INFOPLIST_FILE = DemoKVCTests/Info.plist;
				LD_RUNPATH_SEARCH_PATHS = "$(inherited) @executable_path/Frameworks @loader_path/Frameworks";
				PRODUCT_BUNDLE_IDENTIFIER = icetime17.DemoKVCTests;
				PRODUCT_NAME = "$(TARGET_NAME)";
				TEST_HOST = "$(BUILT_PRODUCTS_DIR)/DemoKVC.app/DemoKVC";
			};
			name = Debug;
		};
		A44100B21C59BCB200160A55 /* Release */ = {
			isa = XCBuildConfiguration;
			buildSettings = {
				BUNDLE_LOADER = "$(TEST_HOST)";
				INFOPLIST_FILE = DemoKVCTests/Info.plist;
				LD_RUNPATH_SEARCH_PATHS = "$(inherited) @executable_path/Frameworks @loader_path/Frameworks";
				PRODUCT_BUNDLE_IDENTIFIER = icetime17.DemoKVCTests;
				PRODUCT_NAME = "$(TARGET_NAME)";
				TEST_HOST = "$(BUILT_PRODUCTS_DIR)/DemoKVC.app/DemoKVC";
			};
			name = Release;
		};
/* End XCBuildConfiguration section */

/* Begin XCConfigurationList section */
		A44100861C59BCB200160A55 /* Build configuration list for PBXProject "DemoKVC" */ = {
			isa = XCConfigurationList;
			buildConfigurations = (
				A44100AB1C59BCB200160A55 /* Debug */,
				A44100AC1C59BCB200160A55 /* Release */,
			);
			defaultConfigurationIsVisible = 0;
			defaultConfigurationName = Release;
		};
		A44100AD1C59BCB200160A55 /* Build configuration list for PBXNativeTarget "DemoKVC" */ = {
			isa = XCConfigurationList;
			buildConfigurations = (
				A44100AE1C59BCB200160A55 /* Debug */,
				A44100AF1C59BCB200160A55 /* Release */,
			);
			defaultConfigurationIsVisible = 0;
		};
		A44100B01C59BCB200160A55 /* Build configuration list for PBXNativeTarget "DemoKVCTests" */ = {
			isa = XCConfigurationList;
			buildConfigurations = (
				A44100B11C59BCB200160A55 /* Debug */,
				A44100B21C59BCB200160A55 /* Release */,
			);
			defaultConfigurationIsVisible = 0;
		};
/* End XCConfigurationList section */
	};
	rootObject = A44100831C59BCB200160A55 /* Project object */;
}
