// !$*UTF8*$!
{
	archiveVersion = 1;
	classes = {
	};
	objectVersion = 46;
	objects = {

/* Begin PBXBuildFile section */
		A4234C181D20C0AA00D2268C /* main.m in Sources */ = {isa = PBXBuildFile; fileRef = A4234C171D20C0AA00D2268C /* main.m */; };
		A4234C1B1D20C0AA00D2268C /* AppDelegate.m in Sources */ = {isa = PBXBuildFile; fileRef = A4234C1A1D20C0AA00D2268C /* AppDelegate.m */; };
		A4234C1E1D20C0AA00D2268C /* ViewController.m in Sources */ = {isa = PBXBuildFile; fileRef = A4234C1D1D20C0AA00D2268C /* ViewController.m */; };
		A4234C211D20C0AA00D2268C /* Main.storyboard in Resources */ = {isa = PBXBuildFile; fileRef = A4234C1F1D20C0AA00D2268C /* Main.storyboard */; };
		A4234C241D20C0AA00D2268C /* DemoSQLite3.xcdatamodeld in Sources */ = {isa = PBXBuildFile; fileRef = A4234C221D20C0AA00D2268C /* DemoSQLite3.xcdatamodeld */; };
		A4234C261D20C0AA00D2268C /* Assets.xcassets in Resources */ = {isa = PBXBuildFile; fileRef = A4234C251D20C0AA00D2268C /* Assets.xcassets */; };
		A4234C291D20C0AA00D2268C /* LaunchScreen.storyboard in Resources */ = {isa = PBXBuildFile; fileRef = A4234C271D20C0AA00D2268C /* LaunchScreen.storyboard */; };
		A4234C341D20C0AA00D2268C /* DemoSQLite3Tests.m in Sources */ = {isa = PBXBuildFile; fileRef = A4234C331D20C0AA00D2268C /* DemoSQLite3Tests.m */; };
		A485D6C21D227DD500D3A86B /* libsqlite3.tbd in Frameworks */ = {isa = PBXBuildFile; fileRef = A485D6C11D227DD500D3A86B /* libsqlite3.tbd */; };
/* End PBXBuildFile section */

/* Begin PBXContainerItemProxy section */
		A4234C301D20C0AA00D2268C /* PBXContainerItemProxy */ = {
			isa = PBXContainerItemProxy;
			containerPortal = A4234C0B1D20C0AA00D2268C /* Project object */;
			proxyType = 1;
			remoteGlobalIDString = A4234C121D20C0AA00D2268C;
			remoteInfo = DemoSQLite3;
		};
/* End PBXContainerItemProxy section */

/* Begin PBXFileReference section */
		A4234C131D20C0AA00D2268C /* DemoSQLite3.app */ = {isa = PBXFileReference; explicitFileType = wrapper.application; includeInIndex = 0; path = DemoSQLite3.app; sourceTree = BUILT_PRODUCTS_DIR; };
		A4234C171D20C0AA00D2268C /* main.m */ = {isa = PBXFileReference; lastKnownFileType = sourcecode.c.objc; path = main.m; sourceTree = "<group>"; };
		A4234C191D20C0AA00D2268C /* AppDelegate.h */ = {isa = PBXFileReference; lastKnownFileType = sourcecode.c.h; path = AppDelegate.h; sourceTree = "<group>"; };
		A4234C1A1D20C0AA00D2268C /* AppDelegate.m */ = {isa = PBXFileReference; lastKnownFileType = sourcecode.c.objc; path = AppDelegate.m; sourceTree = "<group>"; };
		A4234C1C1D20C0AA00D2268C /* ViewController.h */ = {isa = PBXFileReference; lastKnownFileType = sourcecode.c.h; path = ViewController.h; sourceTree = "<group>"; };
		A4234C1D1D20C0AA00D2268C /* ViewController.m */ = {isa = PBXFileReference; lastKnownFileType = sourcecode.c.objc; path = ViewController.m; sourceTree = "<group>"; };
		A4234C201D20C0AA00D2268C /* Base */ = {isa = PBXFileReference; lastKnownFileType = file.storyboard; name = Base; path = Base.lproj/Main.storyboard; sourceTree = "<group>"; };
		A4234C231D20C0AA00D2268C /* DemoSQLite3.xcdatamodel */ = {isa = PBXFileReference; lastKnownFileType = wrapper.xcdatamodel; path = DemoSQLite3.xcdatamodel; sourceTree = "<group>"; };
		A4234C251D20C0AA00D2268C /* Assets.xcassets */ = {isa = PBXFileReference; lastKnownFileType = folder.assetcatalog; path = Assets.xcassets; sourceTree = "<group>"; };
		A4234C281D20C0AA00D2268C /* Base */ = {isa = PBXFileReference; lastKnownFileType = file.storyboard; name = Base; path = Base.lproj/LaunchScreen.storyboard; sourceTree = "<group>"; };
		A4234C2A1D20C0AA00D2268C /* Info.plist */ = {isa = PBXFileReference; lastKnownFileType = text.plist.xml; path = Info.plist; sourceTree = "<group>"; };
		A4234C2F1D20C0AA00D2268C /* DemoSQLite3Tests.xctest */ = {isa = PBXFileReference; explicitFileType = wrapper.cfbundle; includeInIndex = 0; path = DemoSQLite3Tests.xctest; sourceTree = BUILT_PRODUCTS_DIR; };
		A4234C331D20C0AA00D2268C /* DemoSQLite3Tests.m */ = {isa = PBXFileReference; lastKnownFileType = sourcecode.c.objc; path = DemoSQLite3Tests.m; sourceTree = "<group>"; };
		A4234C351D20C0AA00D2268C /* Info.plist */ = {isa = PBXFileReference; lastKnownFileType = text.plist.xml; path = Info.plist; sourceTree = "<group>"; };
		A485D6C11D227DD500D3A86B /* libsqlite3.tbd */ = {isa = PBXFileReference; lastKnownFileType = "sourcecode.text-based-dylib-definition"; name = libsqlite3.tbd; path = usr/lib/libsqlite3.tbd; sourceTree = SDKROOT; };
/* End PBXFileReference section */

/* Begin PBXFrameworksBuildPhase section */
		A4234C101D20C0AA00D2268C /* Frameworks */ = {
			isa = PBXFrameworksBuildPhase;
			buildActionMask = 2147483647;
			files = (
				A485D6C21D227DD500D3A86B /* libsqlite3.tbd in Frameworks */,
			);
			runOnlyForDeploymentPostprocessing = 0;
		};
		A4234C2C1D20C0AA00D2268C /* Frameworks */ = {
			isa = PBXFrameworksBuildPhase;
			buildActionMask = 2147483647;
			files = (
			);
			runOnlyForDeploymentPostprocessing = 0;
		};
/* End PBXFrameworksBuildPhase section */

/* Begin PBXGroup section */
		A4234C0A1D20C0AA00D2268C = {
			isa = PBXGroup;
			children = (
				A485D6C11D227DD500D3A86B /* libsqlite3.tbd */,
				A4234C151D20C0AA00D2268C /* DemoSQLite3 */,
				A4234C321D20C0AA00D2268C /* DemoSQLite3Tests */,
				A4234C141D20C0AA00D2268C /* Products */,
			);
			sourceTree = "<group>";
		};
		A4234C141D20C0AA00D2268C /* Products */ = {
			isa = PBXGroup;
			children = (
				A4234C131D20C0AA00D2268C /* DemoSQLite3.app */,
				A4234C2F1D20C0AA00D2268C /* DemoSQLite3Tests.xctest */,
			);
			name = Products;
			sourceTree = "<group>";
		};
		A4234C151D20C0AA00D2268C /* DemoSQLite3 */ = {
			isa = PBXGroup;
			children = (
				A4234C191D20C0AA00D2268C /* AppDelegate.h */,
				A4234C1A1D20C0AA00D2268C /* AppDelegate.m */,
				A4234C1C1D20C0AA00D2268C /* ViewController.h */,
				A4234C1D1D20C0AA00D2268C /* ViewController.m */,
				A4234C1F1D20C0AA00D2268C /* Main.storyboard */,
				A4234C251D20C0AA00D2268C /* Assets.xcassets */,
				A4234C271D20C0AA00D2268C /* LaunchScreen.storyboard */,
				A4234C2A1D20C0AA00D2268C /* Info.plist */,
				A4234C221D20C0AA00D2268C /* DemoSQLite3.xcdatamodeld */,
				A4234C161D20C0AA00D2268C /* Supporting Files */,
			);
			path = DemoSQLite3;
			sourceTree = "<group>";
		};
		A4234C161D20C0AA00D2268C /* Supporting Files */ = {
			isa = PBXGroup;
			children = (
				A4234C171D20C0AA00D2268C /* main.m */,
			);
			name = "Supporting Files";
			sourceTree = "<group>";
		};
		A4234C321D20C0AA00D2268C /* DemoSQLite3Tests */ = {
			isa = PBXGroup;
			children = (
				A4234C331D20C0AA00D2268C /* DemoSQLite3Tests.m */,
				A4234C351D20C0AA00D2268C /* Info.plist */,
			);
			path = DemoSQLite3Tests;
			sourceTree = "<group>";
		};
/* End PBXGroup section */

/* Begin PBXNativeTarget section */
		A4234C121D20C0AA00D2268C /* DemoSQLite3 */ = {
			isa = PBXNativeTarget;
			buildConfigurationList = A4234C381D20C0AA00D2268C /* Build configuration list for PBXNativeTarget "DemoSQLite3" */;
			buildPhases = (
				A4234C0F1D20C0AA00D2268C /* Sources */,
				A4234C101D20C0AA00D2268C /* Frameworks */,
				A4234C111D20C0AA00D2268C /* Resources */,
			);
			buildRules = (
			);
			dependencies = (
			);
			name = DemoSQLite3;
			productName = DemoSQLite3;
			productReference = A4234C131D20C0AA00D2268C /* DemoSQLite3.app */;
			productType = "com.apple.product-type.application";
		};
		A4234C2E1D20C0AA00D2268C /* DemoSQLite3Tests */ = {
			isa = PBXNativeTarget;
			buildConfigurationList = A4234C3B1D20C0AA00D2268C /* Build configuration list for PBXNativeTarget "DemoSQLite3Tests" */;
			buildPhases = (
				A4234C2B1D20C0AA00D2268C /* Sources */,
				A4234C2C1D20C0AA00D2268C /* Frameworks */,
				A4234C2D1D20C0AA00D2268C /* Resources */,
			);
			buildRules = (
			);
			dependencies = (
				A4234C311D20C0AA00D2268C /* PBXTargetDependency */,
			);
			name = DemoSQLite3Tests;
			productName = DemoSQLite3Tests;
			productReference = A4234C2F1D20C0AA00D2268C /* DemoSQLite3Tests.xctest */;
			productType = "com.apple.product-type.bundle.unit-test";
		};
/* End PBXNativeTarget section */

/* Begin PBXProject section */
		A4234C0B1D20C0AA00D2268C /* Project object */ = {
			isa = PBXProject;
			attributes = {
				LastUpgradeCheck = 0730;
				ORGANIZATIONNAME = icetime17;
				TargetAttributes = {
					A4234C121D20C0AA00D2268C = {
						CreatedOnToolsVersion = 7.3.1;
					};
					A4234C2E1D20C0AA00D2268C = {
						CreatedOnToolsVersion = 7.3.1;
						TestTargetID = A4234C121D20C0AA00D2268C;
					};
				};
			};
			buildConfigurationList = A4234C0E1D20C0AA00D2268C /* Build configuration list for PBXProject "DemoSQLite3" */;
			compatibilityVersion = "Xcode 3.2";
			developmentRegion = English;
			hasScannedForEncodings = 0;
			knownRegions = (
				en,
				Base,
			);
			mainGroup = A4234C0A1D20C0AA00D2268C;
			productRefGroup = A4234C141D20C0AA00D2268C /* Products */;
			projectDirPath = "";
			projectRoot = "";
			targets = (
				A4234C121D20C0AA00D2268C /* DemoSQLite3 */,
				A4234C2E1D20C0AA00D2268C /* DemoSQLite3Tests */,
			);
		};
/* End PBXProject section */

/* Begin PBXResourcesBuildPhase section */
		A4234C111D20C0AA00D2268C /* Resources */ = {
			isa = PBXResourcesBuildPhase;
			buildActionMask = 2147483647;
			files = (
				A4234C291D20C0AA00D2268C /* LaunchScreen.storyboard in Resources */,
				A4234C261D20C0AA00D2268C /* Assets.xcassets in Resources */,
				A4234C211D20C0AA00D2268C /* Main.storyboard in Resources */,
			);
			runOnlyForDeploymentPostprocessing = 0;
		};
		A4234C2D1D20C0AA00D2268C /* Resources */ = {
			isa = PBXResourcesBuildPhase;
			buildActionMask = 2147483647;
			files = (
			);
			runOnlyForDeploymentPostprocessing = 0;
		};
/* End PBXResourcesBuildPhase section */

/* Begin PBXSourcesBuildPhase section */
		A4234C0F1D20C0AA00D2268C /* Sources */ = {
			isa = PBXSourcesBuildPhase;
			buildActionMask = 2147483647;
			files = (
				A4234C1E1D20C0AA00D2268C /* ViewController.m in Sources */,
				A4234C1B1D20C0AA00D2268C /* AppDelegate.m in Sources */,
				A4234C241D20C0AA00D2268C /* DemoSQLite3.xcdatamodeld in Sources */,
				A4234C181D20C0AA00D2268C /* main.m in Sources */,
			);
			runOnlyForDeploymentPostprocessing = 0;
		};
		A4234C2B1D20C0AA00D2268C /* Sources */ = {
			isa = PBXSourcesBuildPhase;
			buildActionMask = 2147483647;
			files = (
				A4234C341D20C0AA00D2268C /* DemoSQLite3Tests.m in Sources */,
			);
			runOnlyForDeploymentPostprocessing = 0;
		};
/* End PBXSourcesBuildPhase section */

/* Begin PBXTargetDependency section */
		A4234C311D20C0AA00D2268C /* PBXTargetDependency */ = {
			isa = PBXTargetDependency;
			target = A4234C121D20C0AA00D2268C /* DemoSQLite3 */;
			targetProxy = A4234C301D20C0AA00D2268C /* PBXContainerItemProxy */;
		};
/* End PBXTargetDependency section */

/* Begin PBXVariantGroup section */
		A4234C1F1D20C0AA00D2268C /* Main.storyboard */ = {
			isa = PBXVariantGroup;
			children = (
				A4234C201D20C0AA00D2268C /* Base */,
			);
			name = Main.storyboard;
			sourceTree = "<group>";
		};
		A4234C271D20C0AA00D2268C /* LaunchScreen.storyboard */ = {
			isa = PBXVariantGroup;
			children = (
				A4234C281D20C0AA00D2268C /* Base */,
			);
			name = LaunchScreen.storyboard;
			sourceTree = "<group>";
		};
/* End PBXVariantGroup section */

/* Begin XCBuildConfiguration section */
		A4234C361D20C0AA00D2268C /* Debug */ = {
			isa = XCBuildConfiguration;
			buildSettings = {
				ALWAYS_SEARCH_USER_PATHS = NO;
				CLANG_ANALYZER_NONNULL = YES;
				CLANG_CXX_LANGUAGE_STANDARD = "gnu++0x";
				CLANG_CXX_LIBRARY = "libc++";
				CLANG_ENABLE_MODULES = YES;
				CLANG_ENABLE_OBJC_ARC = YES;
				CLANG_WARN_BOOL_CONVERSION = YES;
				CLANG_WARN_CONSTANT_CONVERSION = YES;
				CLANG_WARN_DIRECT_OBJC_ISA_USAGE = YES_ERROR;
				CLANG_WARN_EMPTY_BODY = YES;
				CLANG_WARN_ENUM_CONVERSION = YES;
				CLANG_WARN_INT_CONVERSION = YES;
				CLANG_WARN_OBJC_ROOT_CLASS = YES_ERROR;
				CLANG_WARN_UNREACHABLE_CODE = YES;
				CLANG_WARN__DUPLICATE_METHOD_MATCH = YES;
				"CODE_SIGN_IDENTITY[sdk=iphoneos*]" = "iPhone Developer";
				COPY_PHASE_STRIP = NO;
				DEBUG_INFORMATION_FORMAT = dwarf;
				ENABLE_STRICT_OBJC_MSGSEND = YES;
				ENABLE_TESTABILITY = YES;
				GCC_C_LANGUAGE_STANDARD = gnu99;
				GCC_DYNAMIC_NO_PIC = NO;
				GCC_NO_COMMON_BLOCKS = YES;
				GCC_OPTIMIZATION_LEVEL = 0;
				GCC_PREPROCESSOR_DEFINITIONS = (
					"DEBUG=1",
					"$(inherited)",
				);
				GCC_WARN_64_TO_32_BIT_CONVERSION = YES;
				GCC_WARN_ABOUT_RETURN_TYPE = YES_ERROR;
				GCC_WARN_UNDECLARED_SELECTOR = YES;
				GCC_WARN_UNINITIALIZED_AUTOS = YES_AGGRESSIVE;
				GCC_WARN_UNUSED_FUNCTION = YES;
				GCC_WARN_UNUSED_VARIABLE = YES;
				IPHONEOS_DEPLOYMENT_TARGET = 9.3;
				MTL_ENABLE_DEBUG_INFO = YES;
				ONLY_ACTIVE_ARCH = YES;
				SDKROOT = iphoneos;
			};
			name = Debug;
		};
		A4234C371D20C0AA00D2268C /* Release */ = {
			isa = XCBuildConfiguration;
			buildSettings = {
				ALWAYS_SEARCH_USER_PATHS = NO;
				CLANG_ANALYZER_NONNULL = YES;
				CLANG_CXX_LANGUAGE_STANDARD = "gnu++0x";
				CLANG_CXX_LIBRARY = "libc++";
				CLANG_ENABLE_MODULES = YES;
				CLANG_ENABLE_OBJC_ARC = YES;
				CLANG_WARN_BOOL_CONVERSION = YES;
				CLANG_WARN_CONSTANT_CONVERSION = YES;
				CLANG_WARN_DIRECT_OBJC_ISA_USAGE = YES_ERROR;
				CLANG_WARN_EMPTY_BODY = YES;
				CLANG_WARN_ENUM_CONVERSION = YES;
				CLANG_WARN_INT_CONVERSION = YES;
				CLANG_WARN_OBJC_ROOT_CLASS = YES_ERROR;
				CLANG_WARN_UNREACHABLE_CODE = YES;
				CLANG_WARN__DUPLICATE_METHOD_MATCH = YES;
				"CODE_SIGN_IDENTITY[sdk=iphoneos*]" = "iPhone Developer";
				COPY_PHASE_STRIP = NO;
				DEBUG_INFORMATION_FORMAT = "dwarf-with-dsym";
				ENABLE_NS_ASSERTIONS = NO;
				ENABLE_STRICT_OBJC_MSGSEND = YES;
				GCC_C_LANGUAGE_STANDARD = gnu99;
				GCC_NO_COMMON_BLOCKS = YES;
				GCC_WARN_64_TO_32_BIT_CONVERSION = YES;
				GCC_WARN_ABOUT_RETURN_TYPE = YES_ERROR;
				GCC_WARN_UNDECLARED_SELECTOR = YES;
				GCC_WARN_UNINITIALIZED_AUTOS = YES_AGGRESSIVE;
				GCC_WARN_UNUSED_FUNCTION = YES;
				GCC_WARN_UNUSED_VARIABLE = YES;
				IPHONEOS_DEPLOYMENT_TARGET = 9.3;
				MTL_ENABLE_DEBUG_INFO = NO;
				SDKROOT = iphoneos;
				VALIDATE_PRODUCT = YES;
			};
			name = Release;
		};
		A4234C391D20C0AA00D2268C /* Debug */ = {
			isa = XCBuildConfiguration;
			buildSettings = {
				ASSETCATALOG_COMPILER_APPICON_NAME = AppIcon;
				INFOPLIST_FILE = DemoSQLite3/Info.plist;
				LD_RUNPATH_SEARCH_PATHS = "$(inherited) @executable_path/Frameworks";
				PRODUCT_BUNDLE_IDENTIFIER = icetime17.DemoSQLite3;
				PRODUCT_NAME = "$(TARGET_NAME)";
			};
			name = Debug;
		};
		A4234C3A1D20C0AA00D2268C /* Release */ = {
			isa = XCBuildConfiguration;
			buildSettings = {
				ASSETCATALOG_COMPILER_APPICON_NAME = AppIcon;
				INFOPLIST_FILE = DemoSQLite3/Info.plist;
				LD_RUNPATH_SEARCH_PATHS = "$(inherited) @executable_path/Frameworks";
				PRODUCT_BUNDLE_IDENTIFIER = icetime17.DemoSQLite3;
				PRODUCT_NAME = "$(TARGET_NAME)";
			};
			name = Release;
		};
		A4234C3C1D20C0AA00D2268C /* Debug */ = {
			isa = XCBuildConfiguration;
			buildSettings = {
				BUNDLE_LOADER = "$(TEST_HOST)";
				INFOPLIST_FILE = DemoSQLite3Tests/Info.plist;
				LD_RUNPATH_SEARCH_PATHS = "$(inherited) @executable_path/Frameworks @loader_path/Frameworks";
				PRODUCT_BUNDLE_IDENTIFIER = icetime17.DemoSQLite3Tests;
				PRODUCT_NAME = "$(TARGET_NAME)";
				TEST_HOST = "$(BUILT_PRODUCTS_DIR)/DemoSQLite3.app/DemoSQLite3";
			};
			name = Debug;
		};
		A4234C3D1D20C0AA00D2268C /* Release */ = {
			isa = XCBuildConfiguration;
			buildSettings = {
				BUNDLE_LOADER = "$(TEST_HOST)";
				INFOPLIST_FILE = DemoSQLite3Tests/Info.plist;
				LD_RUNPATH_SEARCH_PATHS = "$(inherited) @executable_path/Frameworks @loader_path/Frameworks";
				PRODUCT_BUNDLE_IDENTIFIER = icetime17.DemoSQLite3Tests;
				PRODUCT_NAME = "$(TARGET_NAME)";
				TEST_HOST = "$(BUILT_PRODUCTS_DIR)/DemoSQLite3.app/DemoSQLite3";
			};
			name = Release;
		};
/* End XCBuildConfiguration section */

/* Begin XCConfigurationList section */
		A4234C0E1D20C0AA00D2268C /* Build configuration list for PBXProject "DemoSQLite3" */ = {
			isa = XCConfigurationList;
			buildConfigurations = (
				A4234C361D20C0AA00D2268C /* Debug */,
				A4234C371D20C0AA00D2268C /* Release */,
			);
			defaultConfigurationIsVisible = 0;
			defaultConfigurationName = Release;
		};
		A4234C381D20C0AA00D2268C /* Build configuration list for PBXNativeTarget "DemoSQLite3" */ = {
			isa = XCConfigurationList;
			buildConfigurations = (
				A4234C391D20C0AA00D2268C /* Debug */,
				A4234C3A1D20C0AA00D2268C /* Release */,
			);
			defaultConfigurationIsVisible = 0;
			defaultConfigurationName = Release;
		};
		A4234C3B1D20C0AA00D2268C /* Build configuration list for PBXNativeTarget "DemoSQLite3Tests" */ = {
			isa = XCConfigurationList;
			buildConfigurations = (
				A4234C3C1D20C0AA00D2268C /* Debug */,
				A4234C3D1D20C0AA00D2268C /* Release */,
			);
			defaultConfigurationIsVisible = 0;
			defaultConfigurationName = Release;
		};
/* End XCConfigurationList section */

/* Begin XCVersionGroup section */
		A4234C221D20C0AA00D2268C /* DemoSQLite3.xcdatamodeld */ = {
			isa = XCVersionGroup;
			children = (
				A4234C231D20C0AA00D2268C /* DemoSQLite3.xcdatamodel */,
			);
			currentVersion = A4234C231D20C0AA00D2268C /* DemoSQLite3.xcdatamodel */;
			path = DemoSQLite3.xcdatamodeld;
			sourceTree = "<group>";
			versionGroupType = wrapper.xcdatamodel;
		};
/* End XCVersionGroup section */
	};
	rootObject = A4234C0B1D20C0AA00D2268C /* Project object */;
}
